
Microsoft Visual Studio Solution File, Format Version 12.00
Project("{FAE04EC0-301F-11D3-BF4B-00C04F79EFBC}") = "RAG_PDF", "RAG_PDF\RAG_PDF.csproj", "{B77ADE9C-C5E5-45B8-9666-78817D888F4A}"
EndProject
Global
	GlobalSection(SolutionConfigurationPlatforms) = preSolution
		Debug|Any CPU = Debug|Any CPU
		Release|Any CPU = Release|Any CPU
	EndGlobalSection
	GlobalSection(ProjectConfigurationPlatforms) = postSolution
		{B77ADE9C-C5E5-45B8-9666-78817D888F4A}.Debug|Any CPU.ActiveCfg = Debug|Any CPU
		{B77ADE9C-C5E5-45B8-9666-78817D888F4A}.Debug|Any CPU.Build.0 = Debug|Any CPU
		{B77ADE9C-C5E5-45B8-9666-78817D888F4A}.Release|Any CPU.ActiveCfg = Release|Any CPU
		{B77ADE9C-C5E5-45B8-9666-78817D888F4A}.Release|Any CPU.Build.0 = Release|Any CPU
	EndGlobalSection
EndGlobal
